{
  "originHash" : "ba1f338265ed2c14e274e271d9fabb937dc4c11c5e8505648837938b51e2875b",
  "pins" : [
    {
      "identity" : "modernavplayer",
      "kind" : "remoteSourceControl",
      "location" : "https://github.com/noreasonprojects/ModernAVPlayer",
      "state" : {
        "revision" : "ab16588b7b8e297255e2d8a7407eb89506af265b",
        "version" : "1.7.3"
      }
    },
    {
      "identity" : "rxswift",
      "kind" : "remoteSourceControl",
      "location" : "https://github.com/ReactiveX/RxSwift.git",
      "state" : {
        "revision" : "cec68169a048a079f461ba203fe85636548d7a89",
        "version" : "5.1.3"
      }
    }
  ],
  "version" : 3
}
