// !$*UTF8*$!
{
	archiveVersion = 1;
	classes = {
	};
	objectVersion = 56;
	objects = {

/* Begin PBXBuildFile section */
		1545A6482C62431E004B2DD7 /* VleerApp.swift in Sources */ = {isa = PBXBuildFile; fileRef = 1545A6472C62431E004B2DD7 /* VleerApp.swift */; };
		1545A64A2C62431E004B2DD7 /* ContentView.swift in Sources */ = {isa = PBXBuildFile; fileRef = 1545A6492C62431E004B2DD7 /* ContentView.swift */; };
		1545A64F2C62431F004B2DD7 /* Preview Assets.xcassets in Resources */ = {isa = PBXBuildFile; fileRef = 1545A64E2C62431F004B2DD7 /* Preview Assets.xcassets */; };
		15682C6F2C62C5AA00627168 /* Assets.xcassets in Resources */ = {isa = PBXBuildFile; fileRef = 15682C6E2C62C5AA00627168 /* Assets.xcassets */; };
		15682C712C62C89800627168 /* Download.swift in Sources */ = {isa = PBXBuildFile; fileRef = 15682C702C62C89800627168 /* Download.swift */; };
		157280A12C6CC2880005124E /* PlayerControls.swift in Sources */ = {isa = PBXBuildFile; fileRef = 157280A02C6CC2880005124E /* PlayerControls.swift */; };
		1585D65B2C638DE400A88BD3 /* DMMono-Light.ttf in Resources */ = {isa = PBXBuildFile; fileRef = 1585D6542C638DE400A88BD3 /* DMMono-Light.ttf */; };
		1585D65D2C638DE400A88BD3 /* DMMono-Medium.ttf in Resources */ = {isa = PBXBuildFile; fileRef = 1585D6562C638DE400A88BD3 /* DMMono-Medium.ttf */; };
		1585D65F2C638DE400A88BD3 /* DMMono-Regular.ttf in Resources */ = {isa = PBXBuildFile; fileRef = 1585D6582C638DE400A88BD3 /* DMMono-Regular.ttf */; };
		1585D67C2C639F1500A88BD3 /* Models.swift in Sources */ = {isa = PBXBuildFile; fileRef = 1585D67B2C639F1500A88BD3 /* Models.swift */; };
		1585D6822C639F4800A88BD3 /* NavBar.swift in Sources */ = {isa = PBXBuildFile; fileRef = 1585D6812C639F4800A88BD3 /* NavBar.swift */; };
		1585D6842C639F5B00A88BD3 /* AudioPlayerManager.swift in Sources */ = {isa = PBXBuildFile; fileRef = 1585D6832C639F5B00A88BD3 /* AudioPlayerManager.swift */; };
		1585D6872C63A04700A88BD3 /* Home.swift in Sources */ = {isa = PBXBuildFile; fileRef = 1585D6862C63A04700A88BD3 /* Home.swift */; };
		1585D6892C63A04E00A88BD3 /* Songs.swift in Sources */ = {isa = PBXBuildFile; fileRef = 1585D6882C63A04E00A88BD3 /* Songs.swift */; };
		1585D68B2C63A05400A88BD3 /* Settings.swift in Sources */ = {isa = PBXBuildFile; fileRef = 1585D68A2C63A05400A88BD3 /* Settings.swift */; };
		1585D68D2C63A05A00A88BD3 /* Library.swift in Sources */ = {isa = PBXBuildFile; fileRef = 1585D68C2C63A05A00A88BD3 /* Library.swift */; };
		1585D68F2C63A06100A88BD3 /* Search.swift in Sources */ = {isa = PBXBuildFile; fileRef = 1585D68E2C63A06100A88BD3 /* Search.swift */; };
		1585D6912C63A50100A88BD3 /* KeyboardAdaptive.swift in Sources */ = {isa = PBXBuildFile; fileRef = 1585D6902C63A50100A88BD3 /* KeyboardAdaptive.swift */; };
		1585D6952C63EAD100A88BD3 /* APIService.swift in Sources */ = {isa = PBXBuildFile; fileRef = 1585D6942C63EAD100A88BD3 /* APIService.swift */; };
		1588FD6C2C62B7FA002DF1D8 /* ModernAVPlayer in Frameworks */ = {isa = PBXBuildFile; productRef = 1588FD6B2C62B7FA002DF1D8 /* ModernAVPlayer */; };
		1588FD6E2C62B7FA002DF1D8 /* RxModernAVPlayer in Frameworks */ = {isa = PBXBuildFile; productRef = 1588FD6D2C62B7FA002DF1D8 /* RxModernAVPlayer */; };
/* End PBXBuildFile section */

/* Begin PBXFileReference section */
		1545A6442C62431E004B2DD7 /* Vleer.app */ = {isa = PBXFileReference; explicitFileType = wrapper.application; includeInIndex = 0; path = Vleer.app; sourceTree = BUILT_PRODUCTS_DIR; };
		1545A6472C62431E004B2DD7 /* VleerApp.swift */ = {isa = PBXFileReference; lastKnownFileType = sourcecode.swift; path = VleerApp.swift; sourceTree = "<group>"; };
		1545A6492C62431E004B2DD7 /* ContentView.swift */ = {isa = PBXFileReference; lastKnownFileType = sourcecode.swift; path = ContentView.swift; sourceTree = "<group>"; };
		1545A64E2C62431F004B2DD7 /* Preview Assets.xcassets */ = {isa = PBXFileReference; lastKnownFileType = folder.assetcatalog; path = "Preview Assets.xcassets"; sourceTree = "<group>"; };
		15682C6E2C62C5AA00627168 /* Assets.xcassets */ = {isa = PBXFileReference; lastKnownFileType = folder.assetcatalog; path = Assets.xcassets; sourceTree = "<group>"; };
		15682C702C62C89800627168 /* Download.swift */ = {isa = PBXFileReference; lastKnownFileType = sourcecode.swift; path = Download.swift; sourceTree = "<group>"; };
		157280A02C6CC2880005124E /* PlayerControls.swift */ = {isa = PBXFileReference; fileEncoding = 4; lastKnownFileType = sourcecode.swift; path = PlayerControls.swift; sourceTree = "<group>"; };
		1585D6542C638DE400A88BD3 /* DMMono-Light.ttf */ = {isa = PBXFileReference; lastKnownFileType = file; path = "DMMono-Light.ttf"; sourceTree = "<group>"; };
		1585D6562C638DE400A88BD3 /* DMMono-Medium.ttf */ = {isa = PBXFileReference; lastKnownFileType = file; path = "DMMono-Medium.ttf"; sourceTree = "<group>"; };
		1585D6582C638DE400A88BD3 /* DMMono-Regular.ttf */ = {isa = PBXFileReference; lastKnownFileType = file; path = "DMMono-Regular.ttf"; sourceTree = "<group>"; };
		1585D67B2C639F1500A88BD3 /* Models.swift */ = {isa = PBXFileReference; lastKnownFileType = sourcecode.swift; path = Models.swift; sourceTree = "<group>"; };
		1585D6812C639F4800A88BD3 /* NavBar.swift */ = {isa = PBXFileReference; lastKnownFileType = sourcecode.swift; path = NavBar.swift; sourceTree = "<group>"; };
		1585D6832C639F5B00A88BD3 /* AudioPlayerManager.swift */ = {isa = PBXFileReference; lastKnownFileType = sourcecode.swift; path = AudioPlayerManager.swift; sourceTree = "<group>"; };
		1585D6862C63A04700A88BD3 /* Home.swift */ = {isa = PBXFileReference; lastKnownFileType = sourcecode.swift; path = Home.swift; sourceTree = "<group>"; };
		1585D6882C63A04E00A88BD3 /* Songs.swift */ = {isa = PBXFileReference; lastKnownFileType = sourcecode.swift; path = Songs.swift; sourceTree = "<group>"; };
		1585D68A2C63A05400A88BD3 /* Settings.swift */ = {isa = PBXFileReference; lastKnownFileType = sourcecode.swift; path = Settings.swift; sourceTree = "<group>"; };
		1585D68C2C63A05A00A88BD3 /* Library.swift */ = {isa = PBXFileReference; lastKnownFileType = sourcecode.swift; path = Library.swift; sourceTree = "<group>"; };
		1585D68E2C63A06100A88BD3 /* Search.swift */ = {isa = PBXFileReference; lastKnownFileType = sourcecode.swift; path = Search.swift; sourceTree = "<group>"; };
		1585D6902C63A50100A88BD3 /* KeyboardAdaptive.swift */ = {isa = PBXFileReference; lastKnownFileType = sourcecode.swift; path = KeyboardAdaptive.swift; sourceTree = "<group>"; };
		1585D6942C63EAD100A88BD3 /* APIService.swift */ = {isa = PBXFileReference; fileEncoding = 4; lastKnownFileType = sourcecode.swift; path = APIService.swift; sourceTree = "<group>"; };
/* End PBXFileReference section */

/* Begin PBXFrameworksBuildPhase section */
		1545A6412C62431E004B2DD7 /* Frameworks */ = {
			isa = PBXFrameworksBuildPhase;
			buildActionMask = 2147483647;
			files = (
				1588FD6C2C62B7FA002DF1D8 /* ModernAVPlayer in Frameworks */,
				1588FD6E2C62B7FA002DF1D8 /* RxModernAVPlayer in Frameworks */,
			);
			runOnlyForDeploymentPostprocessing = 0;
		};
/* End PBXFrameworksBuildPhase section */

/* Begin PBXGroup section */
		1545A63B2C62431E004B2DD7 = {
			isa = PBXGroup;
			children = (
				1585D6592C638DE400A88BD3 /* Fonts */,
				1545A6462C62431E004B2DD7 /* Vleer */,
				1545A6452C62431E004B2DD7 /* Products */,
			);
			sourceTree = "<group>";
		};
		1545A6452C62431E004B2DD7 /* Products */ = {
			isa = PBXGroup;
			children = (
				1545A6442C62431E004B2DD7 /* Vleer.app */,
			);
			name = Products;
			sourceTree = "<group>";
		};
		1545A6462C62431E004B2DD7 /* Vleer */ = {
			isa = PBXGroup;
			children = (
				1572809F2C695AF40005124E /* lib */,
				1572809E2C695A760005124E /* Components */,
				1585D6852C63A03300A88BD3 /* Pages */,
				15682C6E2C62C5AA00627168 /* Assets.xcassets */,
				1545A6472C62431E004B2DD7 /* VleerApp.swift */,
				1545A6492C62431E004B2DD7 /* ContentView.swift */,
				1545A64D2C62431F004B2DD7 /* Preview Content */,
			);
			path = Vleer;
			sourceTree = "<group>";
		};
		1545A64D2C62431F004B2DD7 /* Preview Content */ = {
			isa = PBXGroup;
			children = (
				1545A64E2C62431F004B2DD7 /* Preview Assets.xcassets */,
			);
			path = "Preview Content";
			sourceTree = "<group>";
		};
		1572809E2C695A760005124E /* Components */ = {
			isa = PBXGroup;
			children = (
				1585D67B2C639F1500A88BD3 /* Models.swift */,
				157280A02C6CC2880005124E /* PlayerControls.swift */,
				1585D6812C639F4800A88BD3 /* NavBar.swift */,
			);
			path = Components;
			sourceTree = "<group>";
		};
		1572809F2C695AF40005124E /* lib */ = {
			isa = PBXGroup;
			children = (
				15682C702C62C89800627168 /* Download.swift */,
				1585D6832C639F5B00A88BD3 /* AudioPlayerManager.swift */,
				1585D6902C63A50100A88BD3 /* KeyboardAdaptive.swift */,
				1585D6942C63EAD100A88BD3 /* APIService.swift */,
			);
			path = lib;
			sourceTree = "<group>";
		};
		1585D6592C638DE400A88BD3 /* Fonts */ = {
			isa = PBXGroup;
			children = (
				1585D6542C638DE400A88BD3 /* DMMono-Light.ttf */,
				1585D6562C638DE400A88BD3 /* DMMono-Medium.ttf */,
				1585D6582C638DE400A88BD3 /* DMMono-Regular.ttf */,
			);
			path = Fonts;
			sourceTree = "<group>";
		};
		1585D6852C63A03300A88BD3 /* Pages */ = {
			isa = PBXGroup;
			children = (
				1585D6862C63A04700A88BD3 /* Home.swift */,
				1585D6882C63A04E00A88BD3 /* Songs.swift */,
				1585D68A2C63A05400A88BD3 /* Settings.swift */,
				1585D68C2C63A05A00A88BD3 /* Library.swift */,
				1585D68E2C63A06100A88BD3 /* Search.swift */,
			);
			path = Pages;
			sourceTree = "<group>";
		};
/* End PBXGroup section */

/* Begin PBXNativeTarget section */
		1545A6432C62431E004B2DD7 /* Vleer */ = {
			isa = PBXNativeTarget;
			buildConfigurationList = 1545A6682C62431F004B2DD7 /* Build configuration list for PBXNativeTarget "Vleer" */;
			buildPhases = (
				1545A6402C62431E004B2DD7 /* Sources */,
				1545A6412C62431E004B2DD7 /* Frameworks */,
				1545A6422C62431E004B2DD7 /* Resources */,
			);
			buildRules = (
			);
			dependencies = (
			);
			name = Vleer;
			packageProductDependencies = (
				1588FD6B2C62B7FA002DF1D8 /* ModernAVPlayer */,
				1588FD6D2C62B7FA002DF1D8 /* RxModernAVPlayer */,
			);
			productName = Vleer;
			productReference = 1545A6442C62431E004B2DD7 /* Vleer.app */;
			productType = "com.apple.product-type.application";
		};
/* End PBXNativeTarget section */

/* Begin PBXProject section */
		1545A63C2C62431E004B2DD7 /* Project object */ = {
			isa = PBXProject;
			attributes = {
				BuildIndependentTargetsInParallel = 1;
				KnownAssetTags = (
					Fonts,
				);
				LastSwiftUpdateCheck = 1540;
				LastUpgradeCheck = 1540;
				TargetAttributes = {
					1545A6432C62431E004B2DD7 = {
						CreatedOnToolsVersion = 15.4;
					};
				};
			};
			buildConfigurationList = 1545A63F2C62431E004B2DD7 /* Build configuration list for PBXProject "Vleer" */;
			compatibilityVersion = "Xcode 14.0";
			developmentRegion = en;
			hasScannedForEncodings = 0;
			knownRegions = (
				en,
				Base,
			);
			mainGroup = 1545A63B2C62431E004B2DD7;
			packageReferences = (
				1588FD6A2C62B7FA002DF1D8 /* XCRemoteSwiftPackageReference "ModernAVPlayer" */,
			);
			productRefGroup = 1545A6452C62431E004B2DD7 /* Products */;
			projectDirPath = "";
			projectRoot = "";
			targets = (
				1545A6432C62431E004B2DD7 /* Vleer */,
			);
		};
/* End PBXProject section */

/* Begin PBXResourcesBuildPhase section */
		1545A6422C62431E004B2DD7 /* Resources */ = {
			isa = PBXResourcesBuildPhase;
			buildActionMask = 2147483647;
			files = (
				1585D65D2C638DE400A88BD3 /* DMMono-Medium.ttf in Resources */,
				15682C6F2C62C5AA00627168 /* Assets.xcassets in Resources */,
				1545A64F2C62431F004B2DD7 /* Preview Assets.xcassets in Resources */,
				1585D65B2C638DE400A88BD3 /* DMMono-Light.ttf in Resources */,
				1585D65F2C638DE400A88BD3 /* DMMono-Regular.ttf in Resources */,
			);
			runOnlyForDeploymentPostprocessing = 0;
		};
/* End PBXResourcesBuildPhase section */

/* Begin PBXSourcesBuildPhase section */
		1545A6402C62431E004B2DD7 /* Sources */ = {
			isa = PBXSourcesBuildPhase;
			buildActionMask = 2147483647;
			files = (
				1585D68D2C63A05A00A88BD3 /* Library.swift in Sources */,
				1585D6822C639F4800A88BD3 /* NavBar.swift in Sources */,
				1585D6872C63A04700A88BD3 /* Home.swift in Sources */,
				15682C712C62C89800627168 /* Download.swift in Sources */,
				1585D6912C63A50100A88BD3 /* KeyboardAdaptive.swift in Sources */,
				1585D6952C63EAD100A88BD3 /* APIService.swift in Sources */,
				157280A12C6CC2880005124E /* PlayerControls.swift in Sources */,
				1545A64A2C62431E004B2DD7 /* ContentView.swift in Sources */,
				1585D68B2C63A05400A88BD3 /* Settings.swift in Sources */,
				1545A6482C62431E004B2DD7 /* VleerApp.swift in Sources */,
				1585D67C2C639F1500A88BD3 /* Models.swift in Sources */,
				1585D6842C639F5B00A88BD3 /* AudioPlayerManager.swift in Sources */,
				1585D6892C63A04E00A88BD3 /* Songs.swift in Sources */,
				1585D68F2C63A06100A88BD3 /* Search.swift in Sources */,
			);
			runOnlyForDeploymentPostprocessing = 0;
		};
/* End PBXSourcesBuildPhase section */

/* Begin XCBuildConfiguration section */
		1545A6662C62431F004B2DD7 /* Debug */ = {
			isa = XCBuildConfiguration;
			buildSettings = {
				ALWAYS_SEARCH_USER_PATHS = NO;
				ASSETCATALOG_COMPILER_GENERATE_SWIFT_ASSET_SYMBOL_EXTENSIONS = YES;
				CLANG_ANALYZER_NONNULL = YES;
				CLANG_ANALYZER_NUMBER_OBJECT_CONVERSION = YES_AGGRESSIVE;
				CLANG_CXX_LANGUAGE_STANDARD = "gnu++20";
				CLANG_ENABLE_MODULES = YES;
				CLANG_ENABLE_OBJC_ARC = YES;
				CLANG_ENABLE_OBJC_WEAK = YES;
				CLANG_WARN_BLOCK_CAPTURE_AUTORELEASING = YES;
				CLANG_WARN_BOOL_CONVERSION = YES;
				CLANG_WARN_COMMA = YES;
				CLANG_WARN_CONSTANT_CONVERSION = YES;
				CLANG_WARN_DEPRECATED_OBJC_IMPLEMENTATIONS = YES;
				CLANG_WARN_DIRECT_OBJC_ISA_USAGE = YES_ERROR;
				CLANG_WARN_DOCUMENTATION_COMMENTS = YES;
				CLANG_WARN_EMPTY_BODY = YES;
				CLANG_WARN_ENUM_CONVERSION = YES;
				CLANG_WARN_INFINITE_RECURSION = YES;
				CLANG_WARN_INT_CONVERSION = YES;
				CLANG_WARN_NON_LITERAL_NULL_CONVERSION = YES;
				CLANG_WARN_OBJC_IMPLICIT_RETAIN_SELF = YES;
				CLANG_WARN_OBJC_LITERAL_CONVERSION = YES;
				CLANG_WARN_OBJC_ROOT_CLASS = YES_ERROR;
				CLANG_WARN_QUOTED_INCLUDE_IN_FRAMEWORK_HEADER = YES;
				CLANG_WARN_RANGE_LOOP_ANALYSIS = YES;
				CLANG_WARN_STRICT_PROTOTYPES = YES;
				CLANG_WARN_SUSPICIOUS_MOVE = YES;
				CLANG_WARN_UNGUARDED_AVAILABILITY = YES_AGGRESSIVE;
				CLANG_WARN_UNREACHABLE_CODE = YES;
				CLANG_WARN__DUPLICATE_METHOD_MATCH = YES;
				COPY_PHASE_STRIP = NO;
				DEBUG_INFORMATION_FORMAT = dwarf;
				ENABLE_STRICT_OBJC_MSGSEND = YES;
				ENABLE_TESTABILITY = YES;
				ENABLE_USER_SCRIPT_SANDBOXING = YES;
				GCC_C_LANGUAGE_STANDARD = gnu17;
				GCC_DYNAMIC_NO_PIC = NO;
				GCC_NO_COMMON_BLOCKS = YES;
				GCC_OPTIMIZATION_LEVEL = 0;
				GCC_PREPROCESSOR_DEFINITIONS = (
					"DEBUG=1",
					"$(inherited)",
				);
				GCC_WARN_64_TO_32_BIT_CONVERSION = YES;
				GCC_WARN_ABOUT_RETURN_TYPE = YES_ERROR;
				GCC_WARN_UNDECLARED_SELECTOR = YES;
				GCC_WARN_UNINITIALIZED_AUTOS = YES_AGGRESSIVE;
				GCC_WARN_UNUSED_FUNCTION = YES;
				GCC_WARN_UNUSED_VARIABLE = YES;
				IPHONEOS_DEPLOYMENT_TARGET = 17.5;
				LOCALIZATION_PREFERS_STRING_CATALOGS = YES;
				MTL_ENABLE_DEBUG_INFO = INCLUDE_SOURCE;
				MTL_FAST_MATH = YES;
				ONLY_ACTIVE_ARCH = YES;
				SDKROOT = iphoneos;
				SWIFT_ACTIVE_COMPILATION_CONDITIONS = "DEBUG $(inherited)";
				SWIFT_OPTIMIZATION_LEVEL = "-Onone";
			};
			name = Debug;
		};
		1545A6672C62431F004B2DD7 /* Release */ = {
			isa = XCBuildConfiguration;
			buildSettings = {
				ALWAYS_SEARCH_USER_PATHS = NO;
				ASSETCATALOG_COMPILER_GENERATE_SWIFT_ASSET_SYMBOL_EXTENSIONS = YES;
				CLANG_ANALYZER_NONNULL = YES;
				CLANG_ANALYZER_NUMBER_OBJECT_CONVERSION = YES_AGGRESSIVE;
				CLANG_CXX_LANGUAGE_STANDARD = "gnu++20";
				CLANG_ENABLE_MODULES = YES;
				CLANG_ENABLE_OBJC_ARC = YES;
				CLANG_ENABLE_OBJC_WEAK = YES;
				CLANG_WARN_BLOCK_CAPTURE_AUTORELEASING = YES;
				CLANG_WARN_BOOL_CONVERSION = YES;
				CLANG_WARN_COMMA = YES;
				CLANG_WARN_CONSTANT_CONVERSION = YES;
				CLANG_WARN_DEPRECATED_OBJC_IMPLEMENTATIONS = YES;
				CLANG_WARN_DIRECT_OBJC_ISA_USAGE = YES_ERROR;
				CLANG_WARN_DOCUMENTATION_COMMENTS = YES;
				CLANG_WARN_EMPTY_BODY = YES;
				CLANG_WARN_ENUM_CONVERSION = YES;
				CLANG_WARN_INFINITE_RECURSION = YES;
				CLANG_WARN_INT_CONVERSION = YES;
				CLANG_WARN_NON_LITERAL_NULL_CONVERSION = YES;
				CLANG_WARN_OBJC_IMPLICIT_RETAIN_SELF = YES;
				CLANG_WARN_OBJC_LITERAL_CONVERSION = YES;
				CLANG_WARN_OBJC_ROOT_CLASS = YES_ERROR;
				CLANG_WARN_QUOTED_INCLUDE_IN_FRAMEWORK_HEADER = YES;
				CLANG_WARN_RANGE_LOOP_ANALYSIS = YES;
				CLANG_WARN_STRICT_PROTOTYPES = YES;
				CLANG_WARN_SUSPICIOUS_MOVE = YES;
				CLANG_WARN_UNGUARDED_AVAILABILITY = YES_AGGRESSIVE;
				CLANG_WARN_UNREACHABLE_CODE = YES;
				CLANG_WARN__DUPLICATE_METHOD_MATCH = YES;
				COPY_PHASE_STRIP = NO;
				DEBUG_INFORMATION_FORMAT = "dwarf-with-dsym";
				ENABLE_NS_ASSERTIONS = NO;
				ENABLE_STRICT_OBJC_MSGSEND = YES;
				ENABLE_USER_SCRIPT_SANDBOXING = YES;
				GCC_C_LANGUAGE_STANDARD = gnu17;
				GCC_NO_COMMON_BLOCKS = YES;
				GCC_WARN_64_TO_32_BIT_CONVERSION = YES;
				GCC_WARN_ABOUT_RETURN_TYPE = YES_ERROR;
				GCC_WARN_UNDECLARED_SELECTOR = YES;
				GCC_WARN_UNINITIALIZED_AUTOS = YES_AGGRESSIVE;
				GCC_WARN_UNUSED_FUNCTION = YES;
				GCC_WARN_UNUSED_VARIABLE = YES;
				IPHONEOS_DEPLOYMENT_TARGET = 17.5;
				LOCALIZATION_PREFERS_STRING_CATALOGS = YES;
				MTL_ENABLE_DEBUG_INFO = NO;
				MTL_FAST_MATH = YES;
				SDKROOT = iphoneos;
				SWIFT_COMPILATION_MODE = wholemodule;
				VALIDATE_PRODUCT = YES;
			};
			name = Release;
		};
		1545A6692C62431F004B2DD7 /* Debug */ = {
			isa = XCBuildConfiguration;
			buildSettings = {
				ASSETCATALOG_COMPILER_APPICON_NAME = AppIcon;
				ASSETCATALOG_COMPILER_GLOBAL_ACCENT_COLOR_NAME = AccentColor;
				CODE_SIGN_STYLE = Automatic;
				CURRENT_PROJECT_VERSION = 1;
				DEVELOPMENT_ASSET_PATHS = "\"Vleer/Preview Content\"";
				DEVELOPMENT_TEAM = MQ75RNKTQD;
				ENABLE_PREVIEWS = YES;
				GENERATE_INFOPLIST_FILE = YES;
				INFOPLIST_FILE = "$(SRCROOT)/Vleer/Info.plist";
				INFOPLIST_KEY_CFBundleDisplayName = Vleer;
				INFOPLIST_KEY_LSApplicationCategoryType = "public.app-category.music";
				INFOPLIST_KEY_UIApplicationSupportsIndirectInputEvents = YES;
				INFOPLIST_KEY_UILaunchScreen_Generation = YES;
				INFOPLIST_KEY_UILaunchStoryboardName = LaunchScreen;
				INFOPLIST_KEY_UIRequiredDeviceCapabilities = armv7;
				INFOPLIST_KEY_UISupportedInterfaceOrientations = "UIInterfaceOrientationPortrait UIInterfaceOrientationLandscapeLeft UIInterfaceOrientationLandscapeRight";
				INFOPLIST_KEY_UISupportedInterfaceOrientations_iPad = "UIInterfaceOrientationLandscapeLeft UIInterfaceOrientationLandscapeRight UIInterfaceOrientationPortrait UIInterfaceOrientationPortraitUpsideDown";
				LD_RUNPATH_SEARCH_PATHS = (
					"$(inherited)",
					"@executable_path/Frameworks",
				);
				MARKETING_VERSION = 1.0;
				PRODUCT_BUNDLE_IDENTIFIER = app.vleer.Vleer;
				PRODUCT_NAME = "$(TARGET_NAME)";
				SUPPORTED_PLATFORMS = "iphoneos iphonesimulator";
				SUPPORTS_MACCATALYST = NO;
				SUPPORTS_MAC_DESIGNED_FOR_IPHONE_IPAD = NO;
				SUPPORTS_XR_DESIGNED_FOR_IPHONE_IPAD = NO;
				SWIFT_EMIT_LOC_STRINGS = YES;
				SWIFT_VERSION = 5.0;
				TARGETED_DEVICE_FAMILY = 1;
			};
			name = Debug;
		};
		1545A66A2C62431F004B2DD7 /* Release */ = {
			isa = XCBuildConfiguration;
			buildSettings = {
				ASSETCATALOG_COMPILER_APPICON_NAME = AppIcon;
				ASSETCATALOG_COMPILER_GLOBAL_ACCENT_COLOR_NAME = AccentColor;
				CODE_SIGN_STYLE = Automatic;
				CURRENT_PROJECT_VERSION = 1;
				DEVELOPMENT_ASSET_PATHS = "\"Vleer/Preview Content\"";
				DEVELOPMENT_TEAM = MQ75RNKTQD;
				ENABLE_PREVIEWS = YES;
				GENERATE_INFOPLIST_FILE = YES;
				INFOPLIST_FILE = "$(SRCROOT)/Vleer/Info.plist";
				INFOPLIST_KEY_CFBundleDisplayName = Vleer;
				INFOPLIST_KEY_LSApplicationCategoryType = "public.app-category.music";
				INFOPLIST_KEY_UIApplicationSupportsIndirectInputEvents = YES;
				INFOPLIST_KEY_UILaunchScreen_Generation = YES;
				INFOPLIST_KEY_UILaunchStoryboardName = LaunchScreen;
				INFOPLIST_KEY_UIRequiredDeviceCapabilities = armv7;
				INFOPLIST_KEY_UISupportedInterfaceOrientations = "UIInterfaceOrientationPortrait UIInterfaceOrientationLandscapeLeft UIInterfaceOrientationLandscapeRight";
				INFOPLIST_KEY_UISupportedInterfaceOrientations_iPad = "UIInterfaceOrientationLandscapeLeft UIInterfaceOrientationLandscapeRight UIInterfaceOrientationPortrait UIInterfaceOrientationPortraitUpsideDown";
				LD_RUNPATH_SEARCH_PATHS = (
					"$(inherited)",
					"@executable_path/Frameworks",
				);
				MARKETING_VERSION = 1.0;
				PRODUCT_BUNDLE_IDENTIFIER = app.vleer.Vleer;
				PRODUCT_NAME = "$(TARGET_NAME)";
				SUPPORTED_PLATFORMS = "iphoneos iphonesimulator";
				SUPPORTS_MACCATALYST = NO;
				SUPPORTS_MAC_DESIGNED_FOR_IPHONE_IPAD = NO;
				SUPPORTS_XR_DESIGNED_FOR_IPHONE_IPAD = NO;
				SWIFT_EMIT_LOC_STRINGS = YES;
				SWIFT_VERSION = 5.0;
				TARGETED_DEVICE_FAMILY = 1;
			};
			name = Release;
		};
/* End XCBuildConfiguration section */

/* Begin XCConfigurationList section */
		1545A63F2C62431E004B2DD7 /* Build configuration list for PBXProject "Vleer" */ = {
			isa = XCConfigurationList;
			buildConfigurations = (
				1545A6662C62431F004B2DD7 /* Debug */,
				1545A6672C62431F004B2DD7 /* Release */,
			);
			defaultConfigurationIsVisible = 0;
			defaultConfigurationName = Release;
		};
		1545A6682C62431F004B2DD7 /* Build configuration list for PBXNativeTarget "Vleer" */ = {
			isa = XCConfigurationList;
			buildConfigurations = (
				1545A6692C62431F004B2DD7 /* Debug */,
				1545A66A2C62431F004B2DD7 /* Release */,
			);
			defaultConfigurationIsVisible = 0;
			defaultConfigurationName = Release;
		};
/* End XCConfigurationList section */

/* Begin XCRemoteSwiftPackageReference section */
		1588FD6A2C62B7FA002DF1D8 /* XCRemoteSwiftPackageReference "ModernAVPlayer" */ = {
			isa = XCRemoteSwiftPackageReference;
			repositoryURL = "https://github.com/noreasonprojects/ModernAVPlayer";
			requirement = {
				kind = upToNextMajorVersion;
				minimumVersion = 1.7.3;
			};
		};
/* End XCRemoteSwiftPackageReference section */

/* Begin XCSwiftPackageProductDependency section */
		1588FD6B2C62B7FA002DF1D8 /* ModernAVPlayer */ = {
			isa = XCSwiftPackageProductDependency;
			package = 1588FD6A2C62B7FA002DF1D8 /* XCRemoteSwiftPackageReference "ModernAVPlayer" */;
			productName = ModernAVPlayer;
		};
		1588FD6D2C62B7FA002DF1D8 /* RxModernAVPlayer */ = {
			isa = XCSwiftPackageProductDependency;
			package = 1588FD6A2C62B7FA002DF1D8 /* XCRemoteSwiftPackageReference "ModernAVPlayer" */;
			productName = RxModernAVPlayer;
		};
/* End XCSwiftPackageProductDependency section */
	};
	rootObject = 1545A63C2C62431E004B2DD7 /* Project object */;
}
